
Microsoft Visual Studio Solution File, Format Version 12.00
# Visual Studio Version 17
VisualStudioVersion = 17.14.36518.9
MinimumVisualStudioVersion = 10.0.40219.1
Project("{FAE04EC0-301F-11D3-BF4B-00C04F79EFBC}") = "Vibora.AppHost", "src\Vibora.AppHost\Vibora.AppHost.csproj", "{7468C19C-6F5D-431C-9279-0603093C9EBF}"
EndProject
Project("{FAE04EC0-301F-11D3-BF4B-00C04F79EFBC}") = "Vibora.ServiceDefaults", "src\Vibora.ServiceDefaults\Vibora.ServiceDefaults.csproj", "{B1F329ED-7B38-97C2-05BB-FD3D3F208631}"
EndProject
Project("{FAE04EC0-301F-11D3-BF4B-00C04F79EFBC}") = "Vibora.Web", "src\Vibora.Web\Vibora.Web.csproj", "{ACD5F09A-F968-53B5-5430-EA5901313125}"
EndProject
Project("{2150E333-8FDC-42A3-9474-1A3956D46DE8}") = "src", "src", "{02EA681E-C7D8-13C7-8484-4AC65E1B71E8}"
EndProject
Project("{2150E333-8FDC-42A3-9474-1A3956D46DE8}") = "tests", "tests", "{043929D3-7977-4EB6-A9DD-C47A2C34370A}"
EndProject
Project("{2150E333-8FDC-42A3-9474-1A3956D46DE8}") = "modules", "modules", "{79BD94B2-D37A-B054-E27D-3F8197A238B8}"
EndProject
Project("{2150E333-8FDC-42A3-9474-1A3956D46DE8}") = "Users", "Users", "{DDEE4813-1F41-2B2B-9F1F-DACBD9F0A387}"
EndProject
Project("{FAE04EC0-301F-11D3-BF4B-00C04F79EFBC}") = "Vibora.Users", "src\modules\Users\Vibora.Users\Vibora.Users.csproj", "{84C589DC-0241-4E54-83CD-799BDD2D938C}"
EndProject
Project("{FAE04EC0-301F-11D3-BF4B-00C04F79EFBC}") = "Vibora.Users.Contracts", "src\modules\Users\Vibora.Users.Contracts\Vibora.Users.Contracts.csproj", "{7C68484D-9050-4996-B65F-8EDD2DF7BAC8}"
EndProject
Project("{2150E333-8FDC-42A3-9474-1A3956D46DE8}") = "Games", "Games", "{D98C19B2-0623-9AE9-20F5-B3526EB390FB}"
EndProject
Project("{FAE04EC0-301F-11D3-BF4B-00C04F79EFBC}") = "Vibora.Games", "src\modules\Games\Vibora.Games\Vibora.Games.csproj", "{1F3BD885-645A-4EA9-9B7E-19A4C39A8B8A}"
EndProject
Project("{FAE04EC0-301F-11D3-BF4B-00C04F79EFBC}") = "Vibora.Games.Contracts", "src\modules\Games\Vibora.Games.Contracts\Vibora.Games.Contracts.csproj", "{0F43694A-68FF-4A2C-B9E1-BB54F051EA2F}"
EndProject
Project("{2150E333-8FDC-42A3-9474-1A3956D46DE8}") = "Communication", "Communication", "{88478585-F7C0-F2AC-9390-E02CDA89FA8F}"
EndProject
Project("{FAE04EC0-301F-11D3-BF4B-00C04F79EFBC}") = "Vibora.Communication", "src\modules\Communication\Vibora.Communication\Vibora.Communication.csproj", "{C1AE5FDA-4945-4205-9779-741DFC054238}"
EndProject
Project("{FAE04EC0-301F-11D3-BF4B-00C04F79EFBC}") = "Vibora.Communication.Contracts", "src\modules\Communication\Vibora.Communication.Contracts\Vibora.Communication.Contracts.csproj", "{240C80D9-42D1-4AF7-842B-058D43BE434E}"
EndProject
Project("{FAE04EC0-301F-11D3-BF4B-00C04F79EFBC}") = "Vibora.Communication.Tests", "src\modules\Communication\Vibora.Communication.Tests\Vibora.Communication.Tests.csproj", "{3A36AFDF-F386-4E14-B734-815A927991DD}"
EndProject
Project("{FAE04EC0-301F-11D3-BF4B-00C04F79EFBC}") = "Vibora.Games.Tests", "src\modules\Games\Vibora.Games.Tests\Vibora.Games.Tests.csproj", "{EC1E5901-6558-47DB-81B9-D329596B300B}"
EndProject
Project("{FAE04EC0-301F-11D3-BF4B-00C04F79EFBC}") = "Vibora.Shared", "src\Vibora.Shared\Vibora.Shared.csproj", "{41FBDF5F-1438-41C3-B233-C2F8B34806F3}"
EndProject
Project("{FAE04EC0-301F-11D3-BF4B-00C04F79EFBC}") = "Vibora.Integration.Tests", "tests\Vibora.Integration.Tests\Vibora.Integration.Tests.csproj", "{6479B6EC-50C4-4FC8-AABD-481271505C02}"
EndProject
Project("{FAE04EC0-301F-11D3-BF4B-00C04F79EFBC}") = "Vibora.MigrationService", "src\Vibora.MigrationService\Vibora.MigrationService.csproj", "{45DC6FD0-0165-42FF-B3AD-1206C2F791CF}"
EndProject
Project("{2150E333-8FDC-42A3-9474-1A3956D46DE8}") = "Notifications", "Notifications", "{1F3C4510-7F69-9600-66D8-DC41BE472AC0}"
EndProject
Project("{FAE04EC0-301F-11D3-BF4B-00C04F79EFBC}") = "Vibora.Notifications", "src\modules\Notifications\Vibora.Notifications\Vibora.Notifications.csproj", "{02D735DD-5E23-44F3-9C7B-359F97681FED}"
EndProject
Project("{FAE04EC0-301F-11D3-BF4B-00C04F79EFBC}") = "Vibora.Notifications.Contracts", "src\modules\Notifications\Vibora.Notifications.Contracts\Vibora.Notifications.Contracts.csproj", "{4AE5D054-94DA-4BBB-B9D7-AC07854FF4E2}"
EndProject
Project("{FAE04EC0-301F-11D3-BF4B-00C04F79EFBC}") = "Vibora.Notifications.Tests", "src\modules\Notifications\Vibora.Notifications.Tests\Vibora.Notifications.Tests.csproj", "{63E98523-AEB6-407A-9A46-A53DF54934F2}"
EndProject
Project("{2150E333-8FDC-42A3-9474-1A3956D46DE8}") = "Solution Items", "Solution Items", "{8EC462FD-D22E-90A8-E5CE-7E832BA40C5D}"
	ProjectSection(SolutionItems) = preProject
		CLAUDE.md = CLAUDE.md
	EndProjectSection
EndProject
Project("{2150E333-8FDC-42A3-9474-1A3956D46DE8}") = "docs", "docs", "{3A2BD829-7C89-4D81-A2E5-C16FF943BB01}"
	ProjectSection(SolutionItems) = preProject
		docs\Architecture document.md = docs\Architecture document.md
		docs\Backlog du MVP Vibora.md = docs\Backlog du MVP Vibora.md
		docs\Conception UX minimaliste et centrée utilisateur pour le MVP de Vibora.md = docs\Conception UX minimaliste et centrée utilisateur pour le MVP de Vibora.md
		docs\Devenir la Référence du Matchmaking Padel _ Proposition de Produit et Stratégie de Croissance.md = docs\Devenir la Référence du Matchmaking Padel _ Proposition de Produit et Stratégie de Croissance.md
		docs\Etude de marché pour le projet Vibora.md = docs\Etude de marché pour le projet Vibora.md
		docs\notification-preferences-architecture.md = docs\notification-preferences-architecture.md
		docs\Vibora API (MVP) – REST Endpoint Reference.md = docs\Vibora API (MVP) – REST Endpoint Reference.md
	EndProjectSection
EndProject
Global
	GlobalSection(SolutionConfigurationPlatforms) = preSolution
		Debug|Any CPU = Debug|Any CPU
		Debug|x64 = Debug|x64
		Debug|x86 = Debug|x86
		Release|Any CPU = Release|Any CPU
		Release|x64 = Release|x64
		Release|x86 = Release|x86
	EndGlobalSection
	GlobalSection(ProjectConfigurationPlatforms) = postSolution
		{7468C19C-6F5D-431C-9279-0603093C9EBF}.Debug|Any CPU.ActiveCfg = Debug|Any CPU
		{7468C19C-6F5D-431C-9279-0603093C9EBF}.Debug|Any CPU.Build.0 = Debug|Any CPU
		{7468C19C-6F5D-431C-9279-0603093C9EBF}.Debug|x64.ActiveCfg = Debug|Any CPU
		{7468C19C-6F5D-431C-9279-0603093C9EBF}.Debug|x64.Build.0 = Debug|Any CPU
		{7468C19C-6F5D-431C-9279-0603093C9EBF}.Debug|x86.ActiveCfg = Debug|Any CPU
		{7468C19C-6F5D-431C-9279-0603093C9EBF}.Debug|x86.Build.0 = Debug|Any CPU
		{7468C19C-6F5D-431C-9279-0603093C9EBF}.Release|Any CPU.ActiveCfg = Release|Any CPU
		{7468C19C-6F5D-431C-9279-0603093C9EBF}.Release|Any CPU.Build.0 = Release|Any CPU
		{7468C19C-6F5D-431C-9279-0603093C9EBF}.Release|x64.ActiveCfg = Release|Any CPU
		{7468C19C-6F5D-431C-9279-0603093C9EBF}.Release|x64.Build.0 = Release|Any CPU
		{7468C19C-6F5D-431C-9279-0603093C9EBF}.Release|x86.ActiveCfg = Release|Any CPU
		{7468C19C-6F5D-431C-9279-0603093C9EBF}.Release|x86.Build.0 = Release|Any CPU
		{B1F329ED-7B38-97C2-05BB-FD3D3F208631}.Debug|Any CPU.ActiveCfg = Debug|Any CPU
		{B1F329ED-7B38-97C2-05BB-FD3D3F208631}.Debug|Any CPU.Build.0 = Debug|Any CPU
		{B1F329ED-7B38-97C2-05BB-FD3D3F208631}.Debug|x64.ActiveCfg = Debug|Any CPU
		{B1F329ED-7B38-97C2-05BB-FD3D3F208631}.Debug|x64.Build.0 = Debug|Any CPU
		{B1F329ED-7B38-97C2-05BB-FD3D3F208631}.Debug|x86.ActiveCfg = Debug|Any CPU
		{B1F329ED-7B38-97C2-05BB-FD3D3F208631}.Debug|x86.Build.0 = Debug|Any CPU
		{B1F329ED-7B38-97C2-05BB-FD3D3F208631}.Release|Any CPU.ActiveCfg = Release|Any CPU
		{B1F329ED-7B38-97C2-05BB-FD3D3F208631}.Release|Any CPU.Build.0 = Release|Any CPU
		{B1F329ED-7B38-97C2-05BB-FD3D3F208631}.Release|x64.ActiveCfg = Release|Any CPU
		{B1F329ED-7B38-97C2-05BB-FD3D3F208631}.Release|x64.Build.0 = Release|Any CPU
		{B1F329ED-7B38-97C2-05BB-FD3D3F208631}.Release|x86.ActiveCfg = Release|Any CPU
		{B1F329ED-7B38-97C2-05BB-FD3D3F208631}.Release|x86.Build.0 = Release|Any CPU
		{ACD5F09A-F968-53B5-5430-EA5901313125}.Debug|Any CPU.ActiveCfg = Debug|Any CPU
		{ACD5F09A-F968-53B5-5430-EA5901313125}.Debug|Any CPU.Build.0 = Debug|Any CPU
		{ACD5F09A-F968-53B5-5430-EA5901313125}.Debug|x64.ActiveCfg = Debug|Any CPU
		{ACD5F09A-F968-53B5-5430-EA5901313125}.Debug|x64.Build.0 = Debug|Any CPU
		{ACD5F09A-F968-53B5-5430-EA5901313125}.Debug|x86.ActiveCfg = Debug|Any CPU
		{ACD5F09A-F968-53B5-5430-EA5901313125}.Debug|x86.Build.0 = Debug|Any CPU
		{ACD5F09A-F968-53B5-5430-EA5901313125}.Release|Any CPU.ActiveCfg = Release|Any CPU
		{ACD5F09A-F968-53B5-5430-EA5901313125}.Release|Any CPU.Build.0 = Release|Any CPU
		{ACD5F09A-F968-53B5-5430-EA5901313125}.Release|x64.ActiveCfg = Release|Any CPU
		{ACD5F09A-F968-53B5-5430-EA5901313125}.Release|x64.Build.0 = Release|Any CPU
		{ACD5F09A-F968-53B5-5430-EA5901313125}.Release|x86.ActiveCfg = Release|Any CPU
		{ACD5F09A-F968-53B5-5430-EA5901313125}.Release|x86.Build.0 = Release|Any CPU
		{84C589DC-0241-4E54-83CD-799BDD2D938C}.Debug|Any CPU.ActiveCfg = Debug|Any CPU
		{84C589DC-0241-4E54-83CD-799BDD2D938C}.Debug|Any CPU.Build.0 = Debug|Any CPU
		{84C589DC-0241-4E54-83CD-799BDD2D938C}.Debug|x64.ActiveCfg = Debug|Any CPU
		{84C589DC-0241-4E54-83CD-799BDD2D938C}.Debug|x64.Build.0 = Debug|Any CPU
		{84C589DC-0241-4E54-83CD-799BDD2D938C}.Debug|x86.ActiveCfg = Debug|Any CPU
		{84C589DC-0241-4E54-83CD-799BDD2D938C}.Debug|x86.Build.0 = Debug|Any CPU
		{84C589DC-0241-4E54-83CD-799BDD2D938C}.Release|Any CPU.ActiveCfg = Release|Any CPU
		{84C589DC-0241-4E54-83CD-799BDD2D938C}.Release|Any CPU.Build.0 = Release|Any CPU
		{84C589DC-0241-4E54-83CD-799BDD2D938C}.Release|x64.ActiveCfg = Release|Any CPU
		{84C589DC-0241-4E54-83CD-799BDD2D938C}.Release|x64.Build.0 = Release|Any CPU
		{84C589DC-0241-4E54-83CD-799BDD2D938C}.Release|x86.ActiveCfg = Release|Any CPU
		{84C589DC-0241-4E54-83CD-799BDD2D938C}.Release|x86.Build.0 = Release|Any CPU
		{7C68484D-9050-4996-B65F-8EDD2DF7BAC8}.Debug|Any CPU.ActiveCfg = Debug|Any CPU
		{7C68484D-9050-4996-B65F-8EDD2DF7BAC8}.Debug|Any CPU.Build.0 = Debug|Any CPU
		{7C68484D-9050-4996-B65F-8EDD2DF7BAC8}.Debug|x64.ActiveCfg = Debug|Any CPU
		{7C68484D-9050-4996-B65F-8EDD2DF7BAC8}.Debug|x64.Build.0 = Debug|Any CPU
		{7C68484D-9050-4996-B65F-8EDD2DF7BAC8}.Debug|x86.ActiveCfg = Debug|Any CPU
		{7C68484D-9050-4996-B65F-8EDD2DF7BAC8}.Debug|x86.Build.0 = Debug|Any CPU
		{7C68484D-9050-4996-B65F-8EDD2DF7BAC8}.Release|Any CPU.ActiveCfg = Release|Any CPU
		{7C68484D-9050-4996-B65F-8EDD2DF7BAC8}.Release|Any CPU.Build.0 = Release|Any CPU
		{7C68484D-9050-4996-B65F-8EDD2DF7BAC8}.Release|x64.ActiveCfg = Release|Any CPU
		{7C68484D-9050-4996-B65F-8EDD2DF7BAC8}.Release|x64.Build.0 = Release|Any CPU
		{7C68484D-9050-4996-B65F-8EDD2DF7BAC8}.Release|x86.ActiveCfg = Release|Any CPU
		{7C68484D-9050-4996-B65F-8EDD2DF7BAC8}.Release|x86.Build.0 = Release|Any CPU
		{1F3BD885-645A-4EA9-9B7E-19A4C39A8B8A}.Debug|Any CPU.ActiveCfg = Debug|Any CPU
		{1F3BD885-645A-4EA9-9B7E-19A4C39A8B8A}.Debug|Any CPU.Build.0 = Debug|Any CPU
		{1F3BD885-645A-4EA9-9B7E-19A4C39A8B8A}.Debug|x64.ActiveCfg = Debug|Any CPU
		{1F3BD885-645A-4EA9-9B7E-19A4C39A8B8A}.Debug|x64.Build.0 = Debug|Any CPU
		{1F3BD885-645A-4EA9-9B7E-19A4C39A8B8A}.Debug|x86.ActiveCfg = Debug|Any CPU
		{1F3BD885-645A-4EA9-9B7E-19A4C39A8B8A}.Debug|x86.Build.0 = Debug|Any CPU
		{1F3BD885-645A-4EA9-9B7E-19A4C39A8B8A}.Release|Any CPU.ActiveCfg = Release|Any CPU
		{1F3BD885-645A-4EA9-9B7E-19A4C39A8B8A}.Release|Any CPU.Build.0 = Release|Any CPU
		{1F3BD885-645A-4EA9-9B7E-19A4C39A8B8A}.Release|x64.ActiveCfg = Release|Any CPU
		{1F3BD885-645A-4EA9-9B7E-19A4C39A8B8A}.Release|x64.Build.0 = Release|Any CPU
		{1F3BD885-645A-4EA9-9B7E-19A4C39A8B8A}.Release|x86.ActiveCfg = Release|Any CPU
		{1F3BD885-645A-4EA9-9B7E-19A4C39A8B8A}.Release|x86.Build.0 = Release|Any CPU
		{0F43694A-68FF-4A2C-B9E1-BB54F051EA2F}.Debug|Any CPU.ActiveCfg = Debug|Any CPU
		{0F43694A-68FF-4A2C-B9E1-BB54F051EA2F}.Debug|Any CPU.Build.0 = Debug|Any CPU
		{0F43694A-68FF-4A2C-B9E1-BB54F051EA2F}.Debug|x64.ActiveCfg = Debug|Any CPU
		{0F43694A-68FF-4A2C-B9E1-BB54F051EA2F}.Debug|x64.Build.0 = Debug|Any CPU
		{0F43694A-68FF-4A2C-B9E1-BB54F051EA2F}.Debug|x86.ActiveCfg = Debug|Any CPU
		{0F43694A-68FF-4A2C-B9E1-BB54F051EA2F}.Debug|x86.Build.0 = Debug|Any CPU
		{0F43694A-68FF-4A2C-B9E1-BB54F051EA2F}.Release|Any CPU.ActiveCfg = Release|Any CPU
		{0F43694A-68FF-4A2C-B9E1-BB54F051EA2F}.Release|Any CPU.Build.0 = Release|Any CPU
		{0F43694A-68FF-4A2C-B9E1-BB54F051EA2F}.Release|x64.ActiveCfg = Release|Any CPU
		{0F43694A-68FF-4A2C-B9E1-BB54F051EA2F}.Release|x64.Build.0 = Release|Any CPU
		{0F43694A-68FF-4A2C-B9E1-BB54F051EA2F}.Release|x86.ActiveCfg = Release|Any CPU
		{0F43694A-68FF-4A2C-B9E1-BB54F051EA2F}.Release|x86.Build.0 = Release|Any CPU
		{C1AE5FDA-4945-4205-9779-741DFC054238}.Debug|Any CPU.ActiveCfg = Debug|Any CPU
		{C1AE5FDA-4945-4205-9779-741DFC054238}.Debug|Any CPU.Build.0 = Debug|Any CPU
		{C1AE5FDA-4945-4205-9779-741DFC054238}.Debug|x64.ActiveCfg = Debug|Any CPU
		{C1AE5FDA-4945-4205-9779-741DFC054238}.Debug|x64.Build.0 = Debug|Any CPU
		{C1AE5FDA-4945-4205-9779-741DFC054238}.Debug|x86.ActiveCfg = Debug|Any CPU
		{C1AE5FDA-4945-4205-9779-741DFC054238}.Debug|x86.Build.0 = Debug|Any CPU
		{C1AE5FDA-4945-4205-9779-741DFC054238}.Release|Any CPU.ActiveCfg = Release|Any CPU
		{C1AE5FDA-4945-4205-9779-741DFC054238}.Release|Any CPU.Build.0 = Release|Any CPU
		{C1AE5FDA-4945-4205-9779-741DFC054238}.Release|x64.ActiveCfg = Release|Any CPU
		{C1AE5FDA-4945-4205-9779-741DFC054238}.Release|x64.Build.0 = Release|Any CPU
		{C1AE5FDA-4945-4205-9779-741DFC054238}.Release|x86.ActiveCfg = Release|Any CPU
		{C1AE5FDA-4945-4205-9779-741DFC054238}.Release|x86.Build.0 = Release|Any CPU
		{240C80D9-42D1-4AF7-842B-058D43BE434E}.Debug|Any CPU.ActiveCfg = Debug|Any CPU
		{240C80D9-42D1-4AF7-842B-058D43BE434E}.Debug|Any CPU.Build.0 = Debug|Any CPU
		{240C80D9-42D1-4AF7-842B-058D43BE434E}.Debug|x64.ActiveCfg = Debug|Any CPU
		{240C80D9-42D1-4AF7-842B-058D43BE434E}.Debug|x64.Build.0 = Debug|Any CPU
		{240C80D9-42D1-4AF7-842B-058D43BE434E}.Debug|x86.ActiveCfg = Debug|Any CPU
		{240C80D9-42D1-4AF7-842B-058D43BE434E}.Debug|x86.Build.0 = Debug|Any CPU
		{240C80D9-42D1-4AF7-842B-058D43BE434E}.Release|Any CPU.ActiveCfg = Release|Any CPU
		{240C80D9-42D1-4AF7-842B-058D43BE434E}.Release|Any CPU.Build.0 = Release|Any CPU
		{240C80D9-42D1-4AF7-842B-058D43BE434E}.Release|x64.ActiveCfg = Release|Any CPU
		{240C80D9-42D1-4AF7-842B-058D43BE434E}.Release|x64.Build.0 = Release|Any CPU
		{240C80D9-42D1-4AF7-842B-058D43BE434E}.Release|x86.ActiveCfg = Release|Any CPU
		{240C80D9-42D1-4AF7-842B-058D43BE434E}.Release|x86.Build.0 = Release|Any CPU
		{3A36AFDF-F386-4E14-B734-815A927991DD}.Debug|Any CPU.ActiveCfg = Debug|Any CPU
		{3A36AFDF-F386-4E14-B734-815A927991DD}.Debug|Any CPU.Build.0 = Debug|Any CPU
		{3A36AFDF-F386-4E14-B734-815A927991DD}.Debug|x64.ActiveCfg = Debug|Any CPU
		{3A36AFDF-F386-4E14-B734-815A927991DD}.Debug|x64.Build.0 = Debug|Any CPU
		{3A36AFDF-F386-4E14-B734-815A927991DD}.Debug|x86.ActiveCfg = Debug|Any CPU
		{3A36AFDF-F386-4E14-B734-815A927991DD}.Debug|x86.Build.0 = Debug|Any CPU
		{3A36AFDF-F386-4E14-B734-815A927991DD}.Release|Any CPU.ActiveCfg = Release|Any CPU
		{3A36AFDF-F386-4E14-B734-815A927991DD}.Release|Any CPU.Build.0 = Release|Any CPU
		{3A36AFDF-F386-4E14-B734-815A927991DD}.Release|x64.ActiveCfg = Release|Any CPU
		{3A36AFDF-F386-4E14-B734-815A927991DD}.Release|x64.Build.0 = Release|Any CPU
		{3A36AFDF-F386-4E14-B734-815A927991DD}.Release|x86.ActiveCfg = Release|Any CPU
		{3A36AFDF-F386-4E14-B734-815A927991DD}.Release|x86.Build.0 = Release|Any CPU
		{EC1E5901-6558-47DB-81B9-D329596B300B}.Debug|Any CPU.ActiveCfg = Debug|Any CPU
		{EC1E5901-6558-47DB-81B9-D329596B300B}.Debug|Any CPU.Build.0 = Debug|Any CPU
		{EC1E5901-6558-47DB-81B9-D329596B300B}.Debug|x64.ActiveCfg = Debug|Any CPU
		{EC1E5901-6558-47DB-81B9-D329596B300B}.Debug|x64.Build.0 = Debug|Any CPU
		{EC1E5901-6558-47DB-81B9-D329596B300B}.Debug|x86.ActiveCfg = Debug|Any CPU
		{EC1E5901-6558-47DB-81B9-D329596B300B}.Debug|x86.Build.0 = Debug|Any CPU
		{EC1E5901-6558-47DB-81B9-D329596B300B}.Release|Any CPU.ActiveCfg = Release|Any CPU
		{EC1E5901-6558-47DB-81B9-D329596B300B}.Release|Any CPU.Build.0 = Release|Any CPU
		{EC1E5901-6558-47DB-81B9-D329596B300B}.Release|x64.ActiveCfg = Release|Any CPU
		{EC1E5901-6558-47DB-81B9-D329596B300B}.Release|x64.Build.0 = Release|Any CPU
		{EC1E5901-6558-47DB-81B9-D329596B300B}.Release|x86.ActiveCfg = Release|Any CPU
		{EC1E5901-6558-47DB-81B9-D329596B300B}.Release|x86.Build.0 = Release|Any CPU
		{41FBDF5F-1438-41C3-B233-C2F8B34806F3}.Debug|Any CPU.ActiveCfg = Debug|Any CPU
		{41FBDF5F-1438-41C3-B233-C2F8B34806F3}.Debug|Any CPU.Build.0 = Debug|Any CPU
		{41FBDF5F-1438-41C3-B233-C2F8B34806F3}.Debug|x64.ActiveCfg = Debug|Any CPU
		{41FBDF5F-1438-41C3-B233-C2F8B34806F3}.Debug|x64.Build.0 = Debug|Any CPU
		{41FBDF5F-1438-41C3-B233-C2F8B34806F3}.Debug|x86.ActiveCfg = Debug|Any CPU
		{41FBDF5F-1438-41C3-B233-C2F8B34806F3}.Debug|x86.Build.0 = Debug|Any CPU
		{41FBDF5F-1438-41C3-B233-C2F8B34806F3}.Release|Any CPU.ActiveCfg = Release|Any CPU
		{41FBDF5F-1438-41C3-B233-C2F8B34806F3}.Release|Any CPU.Build.0 = Release|Any CPU
		{41FBDF5F-1438-41C3-B233-C2F8B34806F3}.Release|x64.ActiveCfg = Release|Any CPU
		{41FBDF5F-1438-41C3-B233-C2F8B34806F3}.Release|x64.Build.0 = Release|Any CPU
		{41FBDF5F-1438-41C3-B233-C2F8B34806F3}.Release|x86.ActiveCfg = Release|Any CPU
		{41FBDF5F-1438-41C3-B233-C2F8B34806F3}.Release|x86.Build.0 = Release|Any CPU
		{6479B6EC-50C4-4FC8-AABD-481271505C02}.Debug|Any CPU.ActiveCfg = Debug|Any CPU
		{6479B6EC-50C4-4FC8-AABD-481271505C02}.Debug|Any CPU.Build.0 = Debug|Any CPU
		{6479B6EC-50C4-4FC8-AABD-481271505C02}.Debug|x64.ActiveCfg = Debug|Any CPU
		{6479B6EC-50C4-4FC8-AABD-481271505C02}.Debug|x64.Build.0 = Debug|Any CPU
		{6479B6EC-50C4-4FC8-AABD-481271505C02}.Debug|x86.ActiveCfg = Debug|Any CPU
		{6479B6EC-50C4-4FC8-AABD-481271505C02}.Debug|x86.Build.0 = Debug|Any CPU
		{6479B6EC-50C4-4FC8-AABD-481271505C02}.Release|Any CPU.ActiveCfg = Release|Any CPU
		{6479B6EC-50C4-4FC8-AABD-481271505C02}.Release|Any CPU.Build.0 = Release|Any CPU
		{6479B6EC-50C4-4FC8-AABD-481271505C02}.Release|x64.ActiveCfg = Release|Any CPU
		{6479B6EC-50C4-4FC8-AABD-481271505C02}.Release|x64.Build.0 = Release|Any CPU
		{6479B6EC-50C4-4FC8-AABD-481271505C02}.Release|x86.ActiveCfg = Release|Any CPU
		{6479B6EC-50C4-4FC8-AABD-481271505C02}.Release|x86.Build.0 = Release|Any CPU
		{45DC6FD0-0165-42FF-B3AD-1206C2F791CF}.Debug|Any CPU.ActiveCfg = Debug|Any CPU
		{45DC6FD0-0165-42FF-B3AD-1206C2F791CF}.Debug|Any CPU.Build.0 = Debug|Any CPU
		{45DC6FD0-0165-42FF-B3AD-1206C2F791CF}.Debug|x64.ActiveCfg = Debug|Any CPU
		{45DC6FD0-0165-42FF-B3AD-1206C2F791CF}.Debug|x64.Build.0 = Debug|Any CPU
		{45DC6FD0-0165-42FF-B3AD-1206C2F791CF}.Debug|x86.ActiveCfg = Debug|Any CPU
		{45DC6FD0-0165-42FF-B3AD-1206C2F791CF}.Debug|x86.Build.0 = Debug|Any CPU
		{45DC6FD0-0165-42FF-B3AD-1206C2F791CF}.Release|Any CPU.ActiveCfg = Release|Any CPU
		{45DC6FD0-0165-42FF-B3AD-1206C2F791CF}.Release|Any CPU.Build.0 = Release|Any CPU
		{45DC6FD0-0165-42FF-B3AD-1206C2F791CF}.Release|x64.ActiveCfg = Release|Any CPU
		{45DC6FD0-0165-42FF-B3AD-1206C2F791CF}.Release|x64.Build.0 = Release|Any CPU
		{45DC6FD0-0165-42FF-B3AD-1206C2F791CF}.Release|x86.ActiveCfg = Release|Any CPU
		{45DC6FD0-0165-42FF-B3AD-1206C2F791CF}.Release|x86.Build.0 = Release|Any CPU
		{02D735DD-5E23-44F3-9C7B-359F97681FED}.Debug|Any CPU.ActiveCfg = Debug|Any CPU
		{02D735DD-5E23-44F3-9C7B-359F97681FED}.Debug|Any CPU.Build.0 = Debug|Any CPU
		{02D735DD-5E23-44F3-9C7B-359F97681FED}.Debug|x64.ActiveCfg = Debug|Any CPU
		{02D735DD-5E23-44F3-9C7B-359F97681FED}.Debug|x64.Build.0 = Debug|Any CPU
		{02D735DD-5E23-44F3-9C7B-359F97681FED}.Debug|x86.ActiveCfg = Debug|Any CPU
		{02D735DD-5E23-44F3-9C7B-359F97681FED}.Debug|x86.Build.0 = Debug|Any CPU
		{02D735DD-5E23-44F3-9C7B-359F97681FED}.Release|Any CPU.ActiveCfg = Release|Any CPU
		{02D735DD-5E23-44F3-9C7B-359F97681FED}.Release|Any CPU.Build.0 = Release|Any CPU
		{02D735DD-5E23-44F3-9C7B-359F97681FED}.Release|x64.ActiveCfg = Release|Any CPU
		{02D735DD-5E23-44F3-9C7B-359F97681FED}.Release|x64.Build.0 = Release|Any CPU
		{02D735DD-5E23-44F3-9C7B-359F97681FED}.Release|x86.ActiveCfg = Release|Any CPU
		{02D735DD-5E23-44F3-9C7B-359F97681FED}.Release|x86.Build.0 = Release|Any CPU
		{4AE5D054-94DA-4BBB-B9D7-AC07854FF4E2}.Debug|Any CPU.ActiveCfg = Debug|Any CPU
		{4AE5D054-94DA-4BBB-B9D7-AC07854FF4E2}.Debug|Any CPU.Build.0 = Debug|Any CPU
		{4AE5D054-94DA-4BBB-B9D7-AC07854FF4E2}.Debug|x64.ActiveCfg = Debug|Any CPU
		{4AE5D054-94DA-4BBB-B9D7-AC07854FF4E2}.Debug|x64.Build.0 = Debug|Any CPU
		{4AE5D054-94DA-4BBB-B9D7-AC07854FF4E2}.Debug|x86.ActiveCfg = Debug|Any CPU
		{4AE5D054-94DA-4BBB-B9D7-AC07854FF4E2}.Debug|x86.Build.0 = Debug|Any CPU
		{4AE5D054-94DA-4BBB-B9D7-AC07854FF4E2}.Release|Any CPU.ActiveCfg = Release|Any CPU
		{4AE5D054-94DA-4BBB-B9D7-AC07854FF4E2}.Release|Any CPU.Build.0 = Release|Any CPU
		{4AE5D054-94DA-4BBB-B9D7-AC07854FF4E2}.Release|x64.ActiveCfg = Release|Any CPU
		{4AE5D054-94DA-4BBB-B9D7-AC07854FF4E2}.Release|x64.Build.0 = Release|Any CPU
		{4AE5D054-94DA-4BBB-B9D7-AC07854FF4E2}.Release|x86.ActiveCfg = Release|Any CPU
		{4AE5D054-94DA-4BBB-B9D7-AC07854FF4E2}.Release|x86.Build.0 = Release|Any CPU
		{63E98523-AEB6-407A-9A46-A53DF54934F2}.Debug|Any CPU.ActiveCfg = Debug|Any CPU
		{63E98523-AEB6-407A-9A46-A53DF54934F2}.Debug|Any CPU.Build.0 = Debug|Any CPU
		{63E98523-AEB6-407A-9A46-A53DF54934F2}.Debug|x64.ActiveCfg = Debug|Any CPU
		{63E98523-AEB6-407A-9A46-A53DF54934F2}.Debug|x64.Build.0 = Debug|Any CPU
		{63E98523-AEB6-407A-9A46-A53DF54934F2}.Debug|x86.ActiveCfg = Debug|Any CPU
		{63E98523-AEB6-407A-9A46-A53DF54934F2}.Debug|x86.Build.0 = Debug|Any CPU
		{63E98523-AEB6-407A-9A46-A53DF54934F2}.Release|Any CPU.ActiveCfg = Release|Any CPU
		{63E98523-AEB6-407A-9A46-A53DF54934F2}.Release|Any CPU.Build.0 = Release|Any CPU
		{63E98523-AEB6-407A-9A46-A53DF54934F2}.Release|x64.ActiveCfg = Release|Any CPU
		{63E98523-AEB6-407A-9A46-A53DF54934F2}.Release|x64.Build.0 = Release|Any CPU
		{63E98523-AEB6-407A-9A46-A53DF54934F2}.Release|x86.ActiveCfg = Release|Any CPU
		{63E98523-AEB6-407A-9A46-A53DF54934F2}.Release|x86.Build.0 = Release|Any CPU
	EndGlobalSection
	GlobalSection(SolutionProperties) = preSolution
		HideSolutionNode = FALSE
	EndGlobalSection
	GlobalSection(NestedProjects) = preSolution
		{7468C19C-6F5D-431C-9279-0603093C9EBF} = {02EA681E-C7D8-13C7-8484-4AC65E1B71E8}
		{B1F329ED-7B38-97C2-05BB-FD3D3F208631} = {02EA681E-C7D8-13C7-8484-4AC65E1B71E8}
		{ACD5F09A-F968-53B5-5430-EA5901313125} = {02EA681E-C7D8-13C7-8484-4AC65E1B71E8}
		{79BD94B2-D37A-B054-E27D-3F8197A238B8} = {02EA681E-C7D8-13C7-8484-4AC65E1B71E8}
		{DDEE4813-1F41-2B2B-9F1F-DACBD9F0A387} = {79BD94B2-D37A-B054-E27D-3F8197A238B8}
		{84C589DC-0241-4E54-83CD-799BDD2D938C} = {DDEE4813-1F41-2B2B-9F1F-DACBD9F0A387}
		{7C68484D-9050-4996-B65F-8EDD2DF7BAC8} = {DDEE4813-1F41-2B2B-9F1F-DACBD9F0A387}
		{D98C19B2-0623-9AE9-20F5-B3526EB390FB} = {79BD94B2-D37A-B054-E27D-3F8197A238B8}
		{1F3BD885-645A-4EA9-9B7E-19A4C39A8B8A} = {D98C19B2-0623-9AE9-20F5-B3526EB390FB}
		{0F43694A-68FF-4A2C-B9E1-BB54F051EA2F} = {D98C19B2-0623-9AE9-20F5-B3526EB390FB}
		{88478585-F7C0-F2AC-9390-E02CDA89FA8F} = {79BD94B2-D37A-B054-E27D-3F8197A238B8}
		{C1AE5FDA-4945-4205-9779-741DFC054238} = {88478585-F7C0-F2AC-9390-E02CDA89FA8F}
		{240C80D9-42D1-4AF7-842B-058D43BE434E} = {88478585-F7C0-F2AC-9390-E02CDA89FA8F}
		{3A36AFDF-F386-4E14-B734-815A927991DD} = {88478585-F7C0-F2AC-9390-E02CDA89FA8F}
		{EC1E5901-6558-47DB-81B9-D329596B300B} = {D98C19B2-0623-9AE9-20F5-B3526EB390FB}
		{41FBDF5F-1438-41C3-B233-C2F8B34806F3} = {02EA681E-C7D8-13C7-8484-4AC65E1B71E8}
		{6479B6EC-50C4-4FC8-AABD-481271505C02} = {043929D3-7977-4EB6-A9DD-C47A2C34370A}
		{45DC6FD0-0165-42FF-B3AD-1206C2F791CF} = {02EA681E-C7D8-13C7-8484-4AC65E1B71E8}
		{1F3C4510-7F69-9600-66D8-DC41BE472AC0} = {79BD94B2-D37A-B054-E27D-3F8197A238B8}
		{02D735DD-5E23-44F3-9C7B-359F97681FED} = {1F3C4510-7F69-9600-66D8-DC41BE472AC0}
		{4AE5D054-94DA-4BBB-B9D7-AC07854FF4E2} = {1F3C4510-7F69-9600-66D8-DC41BE472AC0}
		{63E98523-AEB6-407A-9A46-A53DF54934F2} = {1F3C4510-7F69-9600-66D8-DC41BE472AC0}
		{3A2BD829-7C89-4D81-A2E5-C16FF943BB01} = {8EC462FD-D22E-90A8-E5CE-7E832BA40C5D}
	EndGlobalSection
	GlobalSection(ExtensibilityGlobals) = postSolution
		SolutionGuid = {B1A318D4-360B-4B63-8DE0-6016DCA66663}
	EndGlobalSection
EndGlobal
